
Microsoft Visual Studio Solution File, Format Version 12.00
# Visual Studio 15
VisualStudioVersion = 15.0.28010.2046
MinimumVisualStudioVersion = 10.0.40219.1
Project("{FAE04EC0-301F-11D3-BF4B-00C04F79EFBC}") = "Radio.Android", "Radio\Radio.Android\Radio.Android.csproj", "{1C8B3755-3095-46C8-A0D1-A92BA99AC974}"
EndProject
Project("{FAE04EC0-301F-11D3-BF4B-00C04F79EFBC}") = "Radio.iOS", "Radio\Radio.iOS\Radio.iOS.csproj", "{03755D79-4D70-42A5-AA90-E7D1DDF41703}"
EndProject
Project("{FAE04EC0-301F-11D3-BF4B-00C04F79EFBC}") = "Radio", "Radio\Radio\Radio.csproj", "{AB715C0D-9C30-4686-A4DC-27A6B03192EF}"
EndProject
Global
	GlobalSection(SolutionConfigurationPlatforms) = preSolution
		Ad-Hoc|Any CPU = Ad-Hoc|Any CPU
		Ad-Hoc|iPhone = Ad-Hoc|iPhone
		Ad-Hoc|iPhoneSimulator = Ad-Hoc|iPhoneSimulator
		AppStore|Any CPU = AppStore|Any CPU
		AppStore|iPhone = AppStore|iPhone
		AppStore|iPhoneSimulator = AppStore|iPhoneSimulator
		Debug|Any CPU = Debug|Any CPU
		Debug|iPhone = Debug|iPhone
		Debug|iPhoneSimulator = Debug|iPhoneSimulator
		Release|Any CPU = Release|Any CPU
		Release|iPhone = Release|iPhone
		Release|iPhoneSimulator = Release|iPhoneSimulator
	EndGlobalSection
	GlobalSection(ProjectConfigurationPlatforms) = postSolution
		{1C8B3755-3095-46C8-A0D1-A92BA99AC974}.Ad-Hoc|Any CPU.ActiveCfg = Release|Any CPU
		{1C8B3755-3095-46C8-A0D1-A92BA99AC974}.Ad-Hoc|Any CPU.Build.0 = Release|Any CPU
		{1C8B3755-3095-46C8-A0D1-A92BA99AC974}.Ad-Hoc|Any CPU.Deploy.0 = Release|Any CPU
		{1C8B3755-3095-46C8-A0D1-A92BA99AC974}.Ad-Hoc|iPhone.ActiveCfg = Release|Any CPU
		{1C8B3755-3095-46C8-A0D1-A92BA99AC974}.Ad-Hoc|iPhone.Build.0 = Release|Any CPU
		{1C8B3755-3095-46C8-A0D1-A92BA99AC974}.Ad-Hoc|iPhone.Deploy.0 = Release|Any CPU
		{1C8B3755-3095-46C8-A0D1-A92BA99AC974}.Ad-Hoc|iPhoneSimulator.ActiveCfg = Release|Any CPU
		{1C8B3755-3095-46C8-A0D1-A92BA99AC974}.Ad-Hoc|iPhoneSimulator.Build.0 = Release|Any CPU
		{1C8B3755-3095-46C8-A0D1-A92BA99AC974}.Ad-Hoc|iPhoneSimulator.Deploy.0 = Release|Any CPU
		{1C8B3755-3095-46C8-A0D1-A92BA99AC974}.AppStore|Any CPU.ActiveCfg = Release|Any CPU
		{1C8B3755-3095-46C8-A0D1-A92BA99AC974}.AppStore|Any CPU.Build.0 = Release|Any CPU
		{1C8B3755-3095-46C8-A0D1-A92BA99AC974}.AppStore|Any CPU.Deploy.0 = Release|Any CPU
		{1C8B3755-3095-46C8-A0D1-A92BA99AC974}.AppStore|iPhone.ActiveCfg = Release|Any CPU
		{1C8B3755-3095-46C8-A0D1-A92BA99AC974}.AppStore|iPhone.Build.0 = Release|Any CPU
		{1C8B3755-3095-46C8-A0D1-A92BA99AC974}.AppStore|iPhone.Deploy.0 = Release|Any CPU
		{1C8B3755-3095-46C8-A0D1-A92BA99AC974}.AppStore|iPhoneSimulator.ActiveCfg = Release|Any CPU
		{1C8B3755-3095-46C8-A0D1-A92BA99AC974}.AppStore|iPhoneSimulator.Build.0 = Release|Any CPU
		{1C8B3755-3095-46C8-A0D1-A92BA99AC974}.AppStore|iPhoneSimulator.Deploy.0 = Release|Any CPU
		{1C8B3755-3095-46C8-A0D1-A92BA99AC974}.Debug|Any CPU.ActiveCfg = Debug|Any CPU
		{1C8B3755-3095-46C8-A0D1-A92BA99AC974}.Debug|Any CPU.Build.0 = Debug|Any CPU
		{1C8B3755-3095-46C8-A0D1-A92BA99AC974}.Debug|Any CPU.Deploy.0 = Debug|Any CPU
		{1C8B3755-3095-46C8-A0D1-A92BA99AC974}.Debug|iPhone.ActiveCfg = Debug|Any CPU
		{1C8B3755-3095-46C8-A0D1-A92BA99AC974}.Debug|iPhone.Build.0 = Debug|Any CPU
		{1C8B3755-3095-46C8-A0D1-A92BA99AC974}.Debug|iPhone.Deploy.0 = Debug|Any CPU
		{1C8B3755-3095-46C8-A0D1-A92BA99AC974}.Debug|iPhoneSimulator.ActiveCfg = Debug|Any CPU
		{1C8B3755-3095-46C8-A0D1-A92BA99AC974}.Debug|iPhoneSimulator.Build.0 = Debug|Any CPU
		{1C8B3755-3095-46C8-A0D1-A92BA99AC974}.Debug|iPhoneSimulator.Deploy.0 = Debug|Any CPU
		{1C8B3755-3095-46C8-A0D1-A92BA99AC974}.Release|Any CPU.ActiveCfg = Release|Any CPU
		{1C8B3755-3095-46C8-A0D1-A92BA99AC974}.Release|Any CPU.Build.0 = Release|Any CPU
		{1C8B3755-3095-46C8-A0D1-A92BA99AC974}.Release|Any CPU.Deploy.0 = Release|Any CPU
		{1C8B3755-3095-46C8-A0D1-A92BA99AC974}.Release|iPhone.ActiveCfg = Release|Any CPU
		{1C8B3755-3095-46C8-A0D1-A92BA99AC974}.Release|iPhone.Build.0 = Release|Any CPU
		{1C8B3755-3095-46C8-A0D1-A92BA99AC974}.Release|iPhone.Deploy.0 = Release|Any CPU
		{1C8B3755-3095-46C8-A0D1-A92BA99AC974}.Release|iPhoneSimulator.ActiveCfg = Release|Any CPU
		{1C8B3755-3095-46C8-A0D1-A92BA99AC974}.Release|iPhoneSimulator.Build.0 = Release|Any CPU
		{1C8B3755-3095-46C8-A0D1-A92BA99AC974}.Release|iPhoneSimulator.Deploy.0 = Release|Any CPU
		{03755D79-4D70-42A5-AA90-E7D1DDF41703}.Ad-Hoc|Any CPU.ActiveCfg = Ad-Hoc|iPhone
		{03755D79-4D70-42A5-AA90-E7D1DDF41703}.Ad-Hoc|Any CPU.Build.0 = Ad-Hoc|iPhone
		{03755D79-4D70-42A5-AA90-E7D1DDF41703}.Ad-Hoc|Any CPU.Deploy.0 = Ad-Hoc|iPhone
		{03755D79-4D70-42A5-AA90-E7D1DDF41703}.Ad-Hoc|iPhone.ActiveCfg = Ad-Hoc|iPhone
		{03755D79-4D70-42A5-AA90-E7D1DDF41703}.Ad-Hoc|iPhone.Build.0 = Ad-Hoc|iPhone
		{03755D79-4D70-42A5-AA90-E7D1DDF41703}.Ad-Hoc|iPhone.Deploy.0 = Ad-Hoc|iPhone
		{03755D79-4D70-42A5-AA90-E7D1DDF41703}.Ad-Hoc|iPhoneSimulator.ActiveCfg = Ad-Hoc|iPhoneSimulator
		{03755D79-4D70-42A5-AA90-E7D1DDF41703}.Ad-Hoc|iPhoneSimulator.Build.0 = Ad-Hoc|iPhoneSimulator
		{03755D79-4D70-42A5-AA90-E7D1DDF41703}.Ad-Hoc|iPhoneSimulator.Deploy.0 = Ad-Hoc|iPhoneSimulator
		{03755D79-4D70-42A5-AA90-E7D1DDF41703}.AppStore|Any CPU.ActiveCfg = AppStore|iPhone
		{03755D79-4D70-42A5-AA90-E7D1DDF41703}.AppStore|Any CPU.Build.0 = AppStore|iPhone
		{03755D79-4D70-42A5-AA90-E7D1DDF41703}.AppStore|Any CPU.Deploy.0 = AppStore|iPhone
		{03755D79-4D70-42A5-AA90-E7D1DDF41703}.AppStore|iPhone.ActiveCfg = AppStore|iPhone
		{03755D79-4D70-42A5-AA90-E7D1DDF41703}.AppStore|iPhone.Build.0 = AppStore|iPhone
		{03755D79-4D70-42A5-AA90-E7D1DDF41703}.AppStore|iPhone.Deploy.0 = AppStore|iPhone
		{03755D79-4D70-42A5-AA90-E7D1DDF41703}.AppStore|iPhoneSimulator.ActiveCfg = AppStore|iPhoneSimulator
		{03755D79-4D70-42A5-AA90-E7D1DDF41703}.AppStore|iPhoneSimulator.Build.0 = AppStore|iPhoneSimulator
		{03755D79-4D70-42A5-AA90-E7D1DDF41703}.AppStore|iPhoneSimulator.Deploy.0 = AppStore|iPhoneSimulator
		{03755D79-4D70-42A5-AA90-E7D1DDF41703}.Debug|Any CPU.ActiveCfg = Debug|iPhoneSimulator
		{03755D79-4D70-42A5-AA90-E7D1DDF41703}.Debug|Any CPU.Build.0 = Debug|iPhoneSimulator
		{03755D79-4D70-42A5-AA90-E7D1DDF41703}.Debug|Any CPU.Deploy.0 = Debug|iPhoneSimulator
		{03755D79-4D70-42A5-AA90-E7D1DDF41703}.Debug|iPhone.ActiveCfg = Debug|iPhone
		{03755D79-4D70-42A5-AA90-E7D1DDF41703}.Debug|iPhone.Build.0 = Debug|iPhone
		{03755D79-4D70-42A5-AA90-E7D1DDF41703}.Debug|iPhone.Deploy.0 = Debug|iPhone
		{03755D79-4D70-42A5-AA90-E7D1DDF41703}.Debug|iPhoneSimulator.ActiveCfg = Debug|iPhoneSimulator
		{03755D79-4D70-42A5-AA90-E7D1DDF41703}.Debug|iPhoneSimulator.Build.0 = Debug|iPhoneSimulator
		{03755D79-4D70-42A5-AA90-E7D1DDF41703}.Debug|iPhoneSimulator.Deploy.0 = Debug|iPhoneSimulator
		{03755D79-4D70-42A5-AA90-E7D1DDF41703}.Release|Any CPU.ActiveCfg = Release|iPhone
		{03755D79-4D70-42A5-AA90-E7D1DDF41703}.Release|Any CPU.Build.0 = Release|iPhone
		{03755D79-4D70-42A5-AA90-E7D1DDF41703}.Release|Any CPU.Deploy.0 = Release|iPhone
		{03755D79-4D70-42A5-AA90-E7D1DDF41703}.Release|iPhone.ActiveCfg = Release|iPhone
		{03755D79-4D70-42A5-AA90-E7D1DDF41703}.Release|iPhone.Build.0 = Release|iPhone
		{03755D79-4D70-42A5-AA90-E7D1DDF41703}.Release|iPhone.Deploy.0 = Release|iPhone
		{03755D79-4D70-42A5-AA90-E7D1DDF41703}.Release|iPhoneSimulator.ActiveCfg = Release|iPhoneSimulator
		{03755D79-4D70-42A5-AA90-E7D1DDF41703}.Release|iPhoneSimulator.Build.0 = Release|iPhoneSimulator
		{03755D79-4D70-42A5-AA90-E7D1DDF41703}.Release|iPhoneSimulator.Deploy.0 = Release|iPhoneSimulator
		{AB715C0D-9C30-4686-A4DC-27A6B03192EF}.Ad-Hoc|Any CPU.ActiveCfg = Debug|Any CPU
		{AB715C0D-9C30-4686-A4DC-27A6B03192EF}.Ad-Hoc|Any CPU.Build.0 = Debug|Any CPU
		{AB715C0D-9C30-4686-A4DC-27A6B03192EF}.Ad-Hoc|Any CPU.Deploy.0 = Debug|Any CPU
		{AB715C0D-9C30-4686-A4DC-27A6B03192EF}.Ad-Hoc|iPhone.ActiveCfg = Debug|Any CPU
		{AB715C0D-9C30-4686-A4DC-27A6B03192EF}.Ad-Hoc|iPhone.Build.0 = Debug|Any CPU
		{AB715C0D-9C30-4686-A4DC-27A6B03192EF}.Ad-Hoc|iPhone.Deploy.0 = Debug|Any CPU
		{AB715C0D-9C30-4686-A4DC-27A6B03192EF}.Ad-Hoc|iPhoneSimulator.ActiveCfg = Debug|Any CPU
		{AB715C0D-9C30-4686-A4DC-27A6B03192EF}.Ad-Hoc|iPhoneSimulator.Build.0 = Debug|Any CPU
		{AB715C0D-9C30-4686-A4DC-27A6B03192EF}.Ad-Hoc|iPhoneSimulator.Deploy.0 = Debug|Any CPU
		{AB715C0D-9C30-4686-A4DC-27A6B03192EF}.AppStore|Any CPU.ActiveCfg = Debug|Any CPU
		{AB715C0D-9C30-4686-A4DC-27A6B03192EF}.AppStore|Any CPU.Build.0 = Debug|Any CPU
		{AB715C0D-9C30-4686-A4DC-27A6B03192EF}.AppStore|Any CPU.Deploy.0 = Debug|Any CPU
		{AB715C0D-9C30-4686-A4DC-27A6B03192EF}.AppStore|iPhone.ActiveCfg = Debug|Any CPU
		{AB715C0D-9C30-4686-A4DC-27A6B03192EF}.AppStore|iPhone.Build.0 = Debug|Any CPU
		{AB715C0D-9C30-4686-A4DC-27A6B03192EF}.AppStore|iPhone.Deploy.0 = Debug|Any CPU
		{AB715C0D-9C30-4686-A4DC-27A6B03192EF}.AppStore|iPhoneSimulator.ActiveCfg = Debug|Any CPU
		{AB715C0D-9C30-4686-A4DC-27A6B03192EF}.AppStore|iPhoneSimulator.Build.0 = Debug|Any CPU
		{AB715C0D-9C30-4686-A4DC-27A6B03192EF}.AppStore|iPhoneSimulator.Deploy.0 = Debug|Any CPU
		{AB715C0D-9C30-4686-A4DC-27A6B03192EF}.Debug|Any CPU.ActiveCfg = Debug|Any CPU
		{AB715C0D-9C30-4686-A4DC-27A6B03192EF}.Debug|Any CPU.Build.0 = Debug|Any CPU
		{AB715C0D-9C30-4686-A4DC-27A6B03192EF}.Debug|Any CPU.Deploy.0 = Debug|Any CPU
		{AB715C0D-9C30-4686-A4DC-27A6B03192EF}.Debug|iPhone.ActiveCfg = Debug|Any CPU
		{AB715C0D-9C30-4686-A4DC-27A6B03192EF}.Debug|iPhone.Build.0 = Debug|Any CPU
		{AB715C0D-9C30-4686-A4DC-27A6B03192EF}.Debug|iPhone.Deploy.0 = Debug|Any CPU
		{AB715C0D-9C30-4686-A4DC-27A6B03192EF}.Debug|iPhoneSimulator.ActiveCfg = Debug|Any CPU
		{AB715C0D-9C30-4686-A4DC-27A6B03192EF}.Debug|iPhoneSimulator.Build.0 = Debug|Any CPU
		{AB715C0D-9C30-4686-A4DC-27A6B03192EF}.Debug|iPhoneSimulator.Deploy.0 = Debug|Any CPU
		{AB715C0D-9C30-4686-A4DC-27A6B03192EF}.Release|Any CPU.ActiveCfg = Release|Any CPU
		{AB715C0D-9C30-4686-A4DC-27A6B03192EF}.Release|Any CPU.Build.0 = Release|Any CPU
		{AB715C0D-9C30-4686-A4DC-27A6B03192EF}.Release|Any CPU.Deploy.0 = Release|Any CPU
		{AB715C0D-9C30-4686-A4DC-27A6B03192EF}.Release|iPhone.ActiveCfg = Release|Any CPU
		{AB715C0D-9C30-4686-A4DC-27A6B03192EF}.Release|iPhone.Build.0 = Release|Any CPU
		{AB715C0D-9C30-4686-A4DC-27A6B03192EF}.Release|iPhone.Deploy.0 = Release|Any CPU
		{AB715C0D-9C30-4686-A4DC-27A6B03192EF}.Release|iPhoneSimulator.ActiveCfg = Release|Any CPU
		{AB715C0D-9C30-4686-A4DC-27A6B03192EF}.Release|iPhoneSimulator.Build.0 = Release|Any CPU
		{AB715C0D-9C30-4686-A4DC-27A6B03192EF}.Release|iPhoneSimulator.Deploy.0 = Release|Any CPU
	EndGlobalSection
	GlobalSection(SolutionProperties) = preSolution
		HideSolutionNode = FALSE
	EndGlobalSection
	GlobalSection(ExtensibilityGlobals) = postSolution
		SolutionGuid = {8B4F727A-33B6-4E5F-818B-CDA173372D0A}
	EndGlobalSection
EndGlobal
